{
  "name": "kayworks",
<<<<<<< Updated upstream
  "version": "2.0.0",
=======
  "version": "2.2.0",
>>>>>>> Stashed changes
  "lockfileVersion": 3,
  "requires": true,
  "packages": {
    "": {
      "name": "kayworks",
<<<<<<< Updated upstream
      "version": "2.0.0",
=======
      "version": "2.2.0",
>>>>>>> Stashed changes
      "engines": {
        "node": ">=20"
      }
    }
  }
}
